
Microsoft Visual Studio Solution File, Format Version 12.00
# Visual Studio 2012
Project("{FAE04EC0-301F-11D3-BF4B-00C04F79EFBC}") = "Xamarin.KeepSafe.TapTargetView", "Xamarin.KeepSafe.TapTargetView\Xamarin.KeepSafe.TapTargetView.csproj", "{49D1CA19-A775-4012-8EF2-F98E1E768B64}"
EndProject
Project("{FAE04EC0-301F-11D3-BF4B-00C04F79EFBC}") = "Sample.Droid", "Xamarin.TapTarget.Sample\Sample.Droid.csproj", "{16E7C990-D975-49AA-8A31-9DC4F830840D}"
EndProject
Global
	GlobalSection(SolutionConfigurationPlatforms) = preSolution
		Debug|Any CPU = Debug|Any CPU
		Release|Any CPU = Release|Any CPU
	EndGlobalSection
	GlobalSection(ProjectConfigurationPlatforms) = postSolution
		{49D1CA19-A775-4012-8EF2-F98E1E768B64}.Debug|Any CPU.ActiveCfg = Debug|Any CPU
		{49D1CA19-A775-4012-8EF2-F98E1E768B64}.Debug|Any CPU.Build.0 = Debug|Any CPU
		{49D1CA19-A775-4012-8EF2-F98E1E768B64}.Release|Any CPU.ActiveCfg = Release|Any CPU
		{49D1CA19-A775-4012-8EF2-F98E1E768B64}.Release|Any CPU.Build.0 = Release|Any CPU
		{16E7C990-D975-49AA-8A31-9DC4F830840D}.Debug|Any CPU.ActiveCfg = Debug|Any CPU
		{16E7C990-D975-49AA-8A31-9DC4F830840D}.Debug|Any CPU.Build.0 = Debug|Any CPU
		{16E7C990-D975-49AA-8A31-9DC4F830840D}.Release|Any CPU.ActiveCfg = Release|Any CPU
		{16E7C990-D975-49AA-8A31-9DC4F830840D}.Release|Any CPU.Build.0 = Release|Any CPU
	EndGlobalSection
EndGlobal
